
Microsoft Visual Studio Solution File, Format Version 12.00
# Visual Studio 14
VisualStudioVersion = 14.0.25420.1
MinimumVisualStudioVersion = 10.0.40219.1
Project("{FAE04EC0-301F-11D3-BF4B-00C04F79EFBC}") = "CIT255FinalApplication", "CIT255FinalApplication\CIT255FinalApplication.csproj", "{85ECF3F1-E2B4-489F-A945-A01F42EFFA55}"
EndProject
Project("{FAE04EC0-301F-11D3-BF4B-00C04F79EFBC}") = "Application", "Application\Application.csproj", "{5650BEAE-7B87-4E53-8225-ABF646D0FAEC}"
EndProject
Project("{2150E333-8FDC-42A3-9474-1A3956D46DE8}") = "Documentation", "Documentation", "{504648D1-FFD2-4DB3-AC17-3E8DBC2180AB}"
	ProjectSection(SolutionItems) = preProject
		ReadMe.txt = ReadMe.txt
	EndProjectSection
EndProject
Global
	GlobalSection(SolutionConfigurationPlatforms) = preSolution
		Debug|Any CPU = Debug|Any CPU
		Release|Any CPU = Release|Any CPU
	EndGlobalSection
	GlobalSection(ProjectConfigurationPlatforms) = postSolution
		{85ECF3F1-E2B4-489F-A945-A01F42EFFA55}.Debug|Any CPU.ActiveCfg = Debug|Any CPU
		{85ECF3F1-E2B4-489F-A945-A01F42EFFA55}.Debug|Any CPU.Build.0 = Debug|Any CPU
		{85ECF3F1-E2B4-489F-A945-A01F42EFFA55}.Release|Any CPU.ActiveCfg = Release|Any CPU
		{85ECF3F1-E2B4-489F-A945-A01F42EFFA55}.Release|Any CPU.Build.0 = Release|Any CPU
		{5650BEAE-7B87-4E53-8225-ABF646D0FAEC}.Debug|Any CPU.ActiveCfg = Debug|Any CPU
		{5650BEAE-7B87-4E53-8225-ABF646D0FAEC}.Debug|Any CPU.Build.0 = Debug|Any CPU
		{5650BEAE-7B87-4E53-8225-ABF646D0FAEC}.Release|Any CPU.ActiveCfg = Release|Any CPU
		{5650BEAE-7B87-4E53-8225-ABF646D0FAEC}.Release|Any CPU.Build.0 = Release|Any CPU
	EndGlobalSection
	GlobalSection(SolutionProperties) = preSolution
		HideSolutionNode = FALSE
	EndGlobalSection
	GlobalSection(ExtensibilityGlobals) = postSolution
		SolutionGuid = {6C9E60EB-6066-4EC7-8B03-1B760F65B07A}
	EndGlobalSection
EndGlobal
